// !$*UTF8*$!
{
	archiveVersion = 1;
	classes = {
	};
	objectVersion = 50;
	objects = {

/* Begin PBXBuildFile section */
		3A7DBB292548C11F0086D6BB /* AppDelegate.swift in Sources */ = {isa = PBXBuildFile; fileRef = 3A7DBB282548C11F0086D6BB /* AppDelegate.swift */; };
		3A7DBB2B2548C11F0086D6BB /* SceneDelegate.swift in Sources */ = {isa = PBXBuildFile; fileRef = 3A7DBB2A2548C11F0086D6BB /* SceneDelegate.swift */; };
		3A7DBB302548C11F0086D6BB /* Main.storyboard in Resources */ = {isa = PBXBuildFile; fileRef = 3A7DBB2E2548C11F0086D6BB /* Main.storyboard */; };
		3A7DBB332548C11F0086D6BB /* Payment_App.xcdatamodeld in Sources */ = {isa = PBXBuildFile; fileRef = 3A7DBB312548C11F0086D6BB /* Payment_App.xcdatamodeld */; };
		3A7DBB352548C1210086D6BB /* Assets.xcassets in Resources */ = {isa = PBXBuildFile; fileRef = 3A7DBB342548C1210086D6BB /* Assets.xcassets */; };
		3A7DBB382548C1210086D6BB /* LaunchScreen.storyboard in Resources */ = {isa = PBXBuildFile; fileRef = 3A7DBB362548C1210086D6BB /* LaunchScreen.storyboard */; };
		3A7DBB432548C1210086D6BB /* Payment_AppTests.swift in Sources */ = {isa = PBXBuildFile; fileRef = 3A7DBB422548C1210086D6BB /* Payment_AppTests.swift */; };
		3A7DBB4E2548C1210086D6BB /* Payment_AppUITests.swift in Sources */ = {isa = PBXBuildFile; fileRef = 3A7DBB4D2548C1210086D6BB /* Payment_AppUITests.swift */; };
		3AFAC02325545E5E009F6ABF /* PaymentCompleteViewController.swift in Sources */ = {isa = PBXBuildFile; fileRef = 3AFAC02225545E5E009F6ABF /* PaymentCompleteViewController.swift */; };
		3AFAC03325546045009F6ABF /* Styles.swift in Sources */ = {isa = PBXBuildFile; fileRef = 3AFAC03225546045009F6ABF /* Styles.swift */; };
		3AFAC03825546156009F6ABF /* HomeViewController.swift in Sources */ = {isa = PBXBuildFile; fileRef = 3AFAC03725546156009F6ABF /* HomeViewController.swift */; };
		3AFAC06825546FEA009F6ABF /* Account.swift in Sources */ = {isa = PBXBuildFile; fileRef = 3AFAC06725546FEA009F6ABF /* Account.swift */; };
		3AFAC0712554727E009F6ABF /* AccountTableViewCell.swift in Sources */ = {isa = PBXBuildFile; fileRef = 3AFAC0702554727E009F6ABF /* AccountTableViewCell.swift */; };
		3AFAC07725547490009F6ABF /* AccountListViewController.swift in Sources */ = {isa = PBXBuildFile; fileRef = 3AFAC07625547490009F6ABF /* AccountListViewController.swift */; };
		3AFAC082255484CC009F6ABF /* People.swift in Sources */ = {isa = PBXBuildFile; fileRef = 3AFAC081255484CC009F6ABF /* People.swift */; };
		3AFAC08725548565009F6ABF /* PeopleListViewController.swift in Sources */ = {isa = PBXBuildFile; fileRef = 3AFAC08625548565009F6ABF /* PeopleListViewController.swift */; };
		3AFAC08C25548797009F6ABF /* PeopleTableViewCell.swift in Sources */ = {isa = PBXBuildFile; fileRef = 3AFAC08B25548797009F6ABF /* PeopleTableViewCell.swift */; };
		3AFAC0B02554962E009F6ABF /* PayScreenViewController.swift in Sources */ = {isa = PBXBuildFile; fileRef = 3AFAC0AF2554962E009F6ABF /* PayScreenViewController.swift */; };
/* End PBXBuildFile section */

/* Begin PBXContainerItemProxy section */
		3A7DBB3F2548C1210086D6BB /* PBXContainerItemProxy */ = {
			isa = PBXContainerItemProxy;
			containerPortal = 3A7DBB1D2548C11F0086D6BB /* Project object */;
			proxyType = 1;
			remoteGlobalIDString = 3A7DBB242548C11F0086D6BB;
			remoteInfo = "Payment App";
		};
		3A7DBB4A2548C1210086D6BB /* PBXContainerItemProxy */ = {
			isa = PBXContainerItemProxy;
			containerPortal = 3A7DBB1D2548C11F0086D6BB /* Project object */;
			proxyType = 1;
			remoteGlobalIDString = 3A7DBB242548C11F0086D6BB;
			remoteInfo = "Payment App";
		};
/* End PBXContainerItemProxy section */

/* Begin PBXFileReference section */
		3A7DBB252548C11F0086D6BB /* Payment App.app */ = {isa = PBXFileReference; explicitFileType = wrapper.application; includeInIndex = 0; path = "Payment App.app"; sourceTree = BUILT_PRODUCTS_DIR; };
		3A7DBB282548C11F0086D6BB /* AppDelegate.swift */ = {isa = PBXFileReference; lastKnownFileType = sourcecode.swift; path = AppDelegate.swift; sourceTree = "<group>"; };
		3A7DBB2A2548C11F0086D6BB /* SceneDelegate.swift */ = {isa = PBXFileReference; lastKnownFileType = sourcecode.swift; path = SceneDelegate.swift; sourceTree = "<group>"; };
		3A7DBB2F2548C11F0086D6BB /* Base */ = {isa = PBXFileReference; lastKnownFileType = file.storyboard; name = Base; path = Base.lproj/Main.storyboard; sourceTree = "<group>"; };
		3A7DBB322548C11F0086D6BB /* Payment_App.xcdatamodel */ = {isa = PBXFileReference; lastKnownFileType = wrapper.xcdatamodel; path = Payment_App.xcdatamodel; sourceTree = "<group>"; };
		3A7DBB342548C1210086D6BB /* Assets.xcassets */ = {isa = PBXFileReference; lastKnownFileType = folder.assetcatalog; path = Assets.xcassets; sourceTree = "<group>"; };
		3A7DBB372548C1210086D6BB /* Base */ = {isa = PBXFileReference; lastKnownFileType = file.storyboard; name = Base; path = Base.lproj/LaunchScreen.storyboard; sourceTree = "<group>"; };
		3A7DBB392548C1210086D6BB /* Info.plist */ = {isa = PBXFileReference; lastKnownFileType = text.plist.xml; path = Info.plist; sourceTree = "<group>"; };
		3A7DBB3E2548C1210086D6BB /* Payment AppTests.xctest */ = {isa = PBXFileReference; explicitFileType = wrapper.cfbundle; includeInIndex = 0; path = "Payment AppTests.xctest"; sourceTree = BUILT_PRODUCTS_DIR; };
		3A7DBB422548C1210086D6BB /* Payment_AppTests.swift */ = {isa = PBXFileReference; lastKnownFileType = sourcecode.swift; path = Payment_AppTests.swift; sourceTree = "<group>"; };
		3A7DBB442548C1210086D6BB /* Info.plist */ = {isa = PBXFileReference; lastKnownFileType = text.plist.xml; path = Info.plist; sourceTree = "<group>"; };
		3A7DBB492548C1210086D6BB /* Payment AppUITests.xctest */ = {isa = PBXFileReference; explicitFileType = wrapper.cfbundle; includeInIndex = 0; path = "Payment AppUITests.xctest"; sourceTree = BUILT_PRODUCTS_DIR; };
		3A7DBB4D2548C1210086D6BB /* Payment_AppUITests.swift */ = {isa = PBXFileReference; lastKnownFileType = sourcecode.swift; path = Payment_AppUITests.swift; sourceTree = "<group>"; };
		3A7DBB4F2548C1210086D6BB /* Info.plist */ = {isa = PBXFileReference; lastKnownFileType = text.plist.xml; path = Info.plist; sourceTree = "<group>"; };
		3AFAC02225545E5E009F6ABF /* PaymentCompleteViewController.swift */ = {isa = PBXFileReference; lastKnownFileType = sourcecode.swift; path = PaymentCompleteViewController.swift; sourceTree = "<group>"; };
		3AFAC03225546045009F6ABF /* Styles.swift */ = {isa = PBXFileReference; lastKnownFileType = sourcecode.swift; path = Styles.swift; sourceTree = "<group>"; };
		3AFAC03725546156009F6ABF /* HomeViewController.swift */ = {isa = PBXFileReference; lastKnownFileType = sourcecode.swift; path = HomeViewController.swift; sourceTree = "<group>"; };
		3AFAC06725546FEA009F6ABF /* Account.swift */ = {isa = PBXFileReference; lastKnownFileType = sourcecode.swift; path = Account.swift; sourceTree = "<group>"; };
		3AFAC0702554727E009F6ABF /* AccountTableViewCell.swift */ = {isa = PBXFileReference; lastKnownFileType = sourcecode.swift; path = AccountTableViewCell.swift; sourceTree = "<group>"; };
		3AFAC07625547490009F6ABF /* AccountListViewController.swift */ = {isa = PBXFileReference; lastKnownFileType = sourcecode.swift; path = AccountListViewController.swift; sourceTree = "<group>"; };
		3AFAC081255484CC009F6ABF /* People.swift */ = {isa = PBXFileReference; lastKnownFileType = sourcecode.swift; path = People.swift; sourceTree = "<group>"; };
		3AFAC08625548565009F6ABF /* PeopleListViewController.swift */ = {isa = PBXFileReference; lastKnownFileType = sourcecode.swift; path = PeopleListViewController.swift; sourceTree = "<group>"; };
		3AFAC08B25548797009F6ABF /* PeopleTableViewCell.swift */ = {isa = PBXFileReference; lastKnownFileType = sourcecode.swift; path = PeopleTableViewCell.swift; sourceTree = "<group>"; };
		3AFAC0AF2554962E009F6ABF /* PayScreenViewController.swift */ = {isa = PBXFileReference; lastKnownFileType = sourcecode.swift; path = PayScreenViewController.swift; sourceTree = "<group>"; };
/* End PBXFileReference section */

/* Begin PBXFrameworksBuildPhase section */
		3A7DBB222548C11F0086D6BB /* Frameworks */ = {
			isa = PBXFrameworksBuildPhase;
			buildActionMask = 2147483647;
			files = (
			);
			runOnlyForDeploymentPostprocessing = 0;
		};
		3A7DBB3B2548C1210086D6BB /* Frameworks */ = {
			isa = PBXFrameworksBuildPhase;
			buildActionMask = 2147483647;
			files = (
			);
			runOnlyForDeploymentPostprocessing = 0;
		};
		3A7DBB462548C1210086D6BB /* Frameworks */ = {
			isa = PBXFrameworksBuildPhase;
			buildActionMask = 2147483647;
			files = (
			);
			runOnlyForDeploymentPostprocessing = 0;
		};
/* End PBXFrameworksBuildPhase section */

/* Begin PBXGroup section */
		3A7DBB1C2548C11F0086D6BB = {
			isa = PBXGroup;
			children = (
				3A7DBB272548C11F0086D6BB /* Payment App */,
				3A7DBB412548C1210086D6BB /* Payment AppTests */,
				3A7DBB4C2548C1210086D6BB /* Payment AppUITests */,
				3A7DBB262548C11F0086D6BB /* Products */,
			);
			sourceTree = "<group>";
		};
		3A7DBB262548C11F0086D6BB /* Products */ = {
			isa = PBXGroup;
			children = (
				3A7DBB252548C11F0086D6BB /* Payment App.app */,
				3A7DBB3E2548C1210086D6BB /* Payment AppTests.xctest */,
				3A7DBB492548C1210086D6BB /* Payment AppUITests.xctest */,
			);
			name = Products;
			sourceTree = "<group>";
		};
		3A7DBB272548C11F0086D6BB /* Payment App */ = {
			isa = PBXGroup;
			children = (
				3AFAC07525547456009F6ABF /* Controllers */,
				3AFAC06F25547257009F6ABF /* Cells */,
				3AFAC06625546FD9009F6ABF /* Models */,
				3A7DBB282548C11F0086D6BB /* AppDelegate.swift */,
				3A7DBB2A2548C11F0086D6BB /* SceneDelegate.swift */,
				3A7DBB2E2548C11F0086D6BB /* Main.storyboard */,
				3AFAC03225546045009F6ABF /* Styles.swift */,
				3A7DBB342548C1210086D6BB /* Assets.xcassets */,
				3A7DBB362548C1210086D6BB /* LaunchScreen.storyboard */,
				3A7DBB392548C1210086D6BB /* Info.plist */,
				3A7DBB312548C11F0086D6BB /* Payment_App.xcdatamodeld */,
			);
			path = "Payment App";
			sourceTree = "<group>";
		};
		3A7DBB412548C1210086D6BB /* Payment AppTests */ = {
			isa = PBXGroup;
			children = (
				3A7DBB422548C1210086D6BB /* Payment_AppTests.swift */,
				3A7DBB442548C1210086D6BB /* Info.plist */,
			);
			path = "Payment AppTests";
			sourceTree = "<group>";
		};
		3A7DBB4C2548C1210086D6BB /* Payment AppUITests */ = {
			isa = PBXGroup;
			children = (
				3A7DBB4D2548C1210086D6BB /* Payment_AppUITests.swift */,
				3A7DBB4F2548C1210086D6BB /* Info.plist */,
			);
			path = "Payment AppUITests";
			sourceTree = "<group>";
		};
		3AFAC06625546FD9009F6ABF /* Models */ = {
			isa = PBXGroup;
			children = (
				3AFAC06725546FEA009F6ABF /* Account.swift */,
				3AFAC081255484CC009F6ABF /* People.swift */,
			);
			path = Models;
			sourceTree = "<group>";
		};
		3AFAC06F25547257009F6ABF /* Cells */ = {
			isa = PBXGroup;
			children = (
				3AFAC0702554727E009F6ABF /* AccountTableViewCell.swift */,
				3AFAC08B25548797009F6ABF /* PeopleTableViewCell.swift */,
			);
			path = Cells;
			sourceTree = "<group>";
		};
		3AFAC07525547456009F6ABF /* Controllers */ = {
			isa = PBXGroup;
			children = (
				3AFAC03725546156009F6ABF /* HomeViewController.swift */,
				3AFAC07625547490009F6ABF /* AccountListViewController.swift */,
				3AFAC08625548565009F6ABF /* PeopleListViewController.swift */,
				3AFAC02225545E5E009F6ABF /* PaymentCompleteViewController.swift */,
				3AFAC0AF2554962E009F6ABF /* PayScreenViewController.swift */,
			);
			path = Controllers;
			sourceTree = "<group>";
		};
/* End PBXGroup section */

/* Begin PBXNativeTarget section */
		3A7DBB242548C11F0086D6BB /* Payment App */ = {
			isa = PBXNativeTarget;
			buildConfigurationList = 3A7DBB522548C1210086D6BB /* Build configuration list for PBXNativeTarget "Payment App" */;
			buildPhases = (
				3A7DBB212548C11F0086D6BB /* Sources */,
				3A7DBB222548C11F0086D6BB /* Frameworks */,
				3A7DBB232548C11F0086D6BB /* Resources */,
			);
			buildRules = (
			);
			dependencies = (
			);
			name = "Payment App";
			productName = "Payment App";
			productReference = 3A7DBB252548C11F0086D6BB /* Payment App.app */;
			productType = "com.apple.product-type.application";
		};
		3A7DBB3D2548C1210086D6BB /* Payment AppTests */ = {
			isa = PBXNativeTarget;
			buildConfigurationList = 3A7DBB552548C1210086D6BB /* Build configuration list for PBXNativeTarget "Payment AppTests" */;
			buildPhases = (
				3A7DBB3A2548C1210086D6BB /* Sources */,
				3A7DBB3B2548C1210086D6BB /* Frameworks */,
				3A7DBB3C2548C1210086D6BB /* Resources */,
			);
			buildRules = (
			);
			dependencies = (
				3A7DBB402548C1210086D6BB /* PBXTargetDependency */,
			);
			name = "Payment AppTests";
			productName = "Payment AppTests";
			productReference = 3A7DBB3E2548C1210086D6BB /* Payment AppTests.xctest */;
			productType = "com.apple.product-type.bundle.unit-test";
		};
		3A7DBB482548C1210086D6BB /* Payment AppUITests */ = {
			isa = PBXNativeTarget;
			buildConfigurationList = 3A7DBB582548C1210086D6BB /* Build configuration list for PBXNativeTarget "Payment AppUITests" */;
			buildPhases = (
				3A7DBB452548C1210086D6BB /* Sources */,
				3A7DBB462548C1210086D6BB /* Frameworks */,
				3A7DBB472548C1210086D6BB /* Resources */,
			);
			buildRules = (
			);
			dependencies = (
				3A7DBB4B2548C1210086D6BB /* PBXTargetDependency */,
			);
			name = "Payment AppUITests";
			productName = "Payment AppUITests";
			productReference = 3A7DBB492548C1210086D6BB /* Payment AppUITests.xctest */;
			productType = "com.apple.product-type.bundle.ui-testing";
		};
/* End PBXNativeTarget section */

/* Begin PBXProject section */
		3A7DBB1D2548C11F0086D6BB /* Project object */ = {
			isa = PBXProject;
			attributes = {
				LastSwiftUpdateCheck = 1210;
				LastUpgradeCheck = 1210;
				TargetAttributes = {
					3A7DBB242548C11F0086D6BB = {
						CreatedOnToolsVersion = 12.1;
					};
					3A7DBB3D2548C1210086D6BB = {
						CreatedOnToolsVersion = 12.1;
						TestTargetID = 3A7DBB242548C11F0086D6BB;
					};
					3A7DBB482548C1210086D6BB = {
						CreatedOnToolsVersion = 12.1;
						TestTargetID = 3A7DBB242548C11F0086D6BB;
					};
				};
			};
			buildConfigurationList = 3A7DBB202548C11F0086D6BB /* Build configuration list for PBXProject "Payment App" */;
			compatibilityVersion = "Xcode 9.3";
			developmentRegion = en;
			hasScannedForEncodings = 0;
			knownRegions = (
				en,
				Base,
			);
			mainGroup = 3A7DBB1C2548C11F0086D6BB;
			productRefGroup = 3A7DBB262548C11F0086D6BB /* Products */;
			projectDirPath = "";
			projectRoot = "";
			targets = (
				3A7DBB242548C11F0086D6BB /* Payment App */,
				3A7DBB3D2548C1210086D6BB /* Payment AppTests */,
				3A7DBB482548C1210086D6BB /* Payment AppUITests */,
			);
		};
/* End PBXProject section */

/* Begin PBXResourcesBuildPhase section */
		3A7DBB232548C11F0086D6BB /* Resources */ = {
			isa = PBXResourcesBuildPhase;
			buildActionMask = 2147483647;
			files = (
				3A7DBB382548C1210086D6BB /* LaunchScreen.storyboard in Resources */,
				3A7DBB352548C1210086D6BB /* Assets.xcassets in Resources */,
				3A7DBB302548C11F0086D6BB /* Main.storyboard in Resources */,
			);
			runOnlyForDeploymentPostprocessing = 0;
		};
		3A7DBB3C2548C1210086D6BB /* Resources */ = {
			isa = PBXResourcesBuildPhase;
			buildActionMask = 2147483647;
			files = (
			);
			runOnlyForDeploymentPostprocessing = 0;
		};
		3A7DBB472548C1210086D6BB /* Resources */ = {
			isa = PBXResourcesBuildPhase;
			buildActionMask = 2147483647;
			files = (
			);
			runOnlyForDeploymentPostprocessing = 0;
		};
/* End PBXResourcesBuildPhase section */

/* Begin PBXSourcesBuildPhase section */
		3A7DBB212548C11F0086D6BB /* Sources */ = {
			isa = PBXSourcesBuildPhase;
			buildActionMask = 2147483647;
			files = (
				3A7DBB292548C11F0086D6BB /* AppDelegate.swift in Sources */,
				3AFAC08725548565009F6ABF /* PeopleListViewController.swift in Sources */,
				3AFAC02325545E5E009F6ABF /* PaymentCompleteViewController.swift in Sources */,
				3AFAC03325546045009F6ABF /* Styles.swift in Sources */,
				3A7DBB332548C11F0086D6BB /* Payment_App.xcdatamodeld in Sources */,
				3AFAC0B02554962E009F6ABF /* PayScreenViewController.swift in Sources */,
				3AFAC06825546FEA009F6ABF /* Account.swift in Sources */,
				3AFAC0712554727E009F6ABF /* AccountTableViewCell.swift in Sources */,
				3AFAC08C25548797009F6ABF /* PeopleTableViewCell.swift in Sources */,
				3AFAC082255484CC009F6ABF /* People.swift in Sources */,
				3AFAC03825546156009F6ABF /* HomeViewController.swift in Sources */,
				3AFAC07725547490009F6ABF /* AccountListViewController.swift in Sources */,
				3A7DBB2B2548C11F0086D6BB /* SceneDelegate.swift in Sources */,
			);
			runOnlyForDeploymentPostprocessing = 0;
		};
		3A7DBB3A2548C1210086D6BB /* Sources */ = {
			isa = PBXSourcesBuildPhase;
			buildActionMask = 2147483647;
			files = (
				3A7DBB432548C1210086D6BB /* Payment_AppTests.swift in Sources */,
			);
			runOnlyForDeploymentPostprocessing = 0;
		};
		3A7DBB452548C1210086D6BB /* Sources */ = {
			isa = PBXSourcesBuildPhase;
			buildActionMask = 2147483647;
			files = (
				3A7DBB4E2548C1210086D6BB /* Payment_AppUITests.swift in Sources */,
			);
			runOnlyForDeploymentPostprocessing = 0;
		};
/* End PBXSourcesBuildPhase section */

/* Begin PBXTargetDependency section */
		3A7DBB402548C1210086D6BB /* PBXTargetDependency */ = {
			isa = PBXTargetDependency;
			target = 3A7DBB242548C11F0086D6BB /* Payment App */;
			targetProxy = 3A7DBB3F2548C1210086D6BB /* PBXContainerItemProxy */;
		};
		3A7DBB4B2548C1210086D6BB /* PBXTargetDependency */ = {
			isa = PBXTargetDependency;
			target = 3A7DBB242548C11F0086D6BB /* Payment App */;
			targetProxy = 3A7DBB4A2548C1210086D6BB /* PBXContainerItemProxy */;
		};
/* End PBXTargetDependency section */

/* Begin PBXVariantGroup section */
		3A7DBB2E2548C11F0086D6BB /* Main.storyboard */ = {
			isa = PBXVariantGroup;
			children = (
				3A7DBB2F2548C11F0086D6BB /* Base */,
			);
			name = Main.storyboard;
			sourceTree = "<group>";
		};
		3A7DBB362548C1210086D6BB /* LaunchScreen.storyboard */ = {
			isa = PBXVariantGroup;
			children = (
				3A7DBB372548C1210086D6BB /* Base */,
			);
			name = LaunchScreen.storyboard;
			sourceTree = "<group>";
		};
/* End PBXVariantGroup section */

/* Begin XCBuildConfiguration section */
		3A7DBB502548C1210086D6BB /* Debug */ = {
			isa = XCBuildConfiguration;
			buildSettings = {
				ALWAYS_SEARCH_USER_PATHS = NO;
				CLANG_ANALYZER_NONNULL = YES;
				CLANG_ANALYZER_NUMBER_OBJECT_CONVERSION = YES_AGGRESSIVE;
				CLANG_CXX_LANGUAGE_STANDARD = "gnu++14";
				CLANG_CXX_LIBRARY = "libc++";
				CLANG_ENABLE_MODULES = YES;
				CLANG_ENABLE_OBJC_ARC = YES;
				CLANG_ENABLE_OBJC_WEAK = YES;
				CLANG_WARN_BLOCK_CAPTURE_AUTORELEASING = YES;
				CLANG_WARN_BOOL_CONVERSION = YES;
				CLANG_WARN_COMMA = YES;
				CLANG_WARN_CONSTANT_CONVERSION = YES;
				CLANG_WARN_DEPRECATED_OBJC_IMPLEMENTATIONS = YES;
				CLANG_WARN_DIRECT_OBJC_ISA_USAGE = YES_ERROR;
				CLANG_WARN_DOCUMENTATION_COMMENTS = YES;
				CLANG_WARN_EMPTY_BODY = YES;
				CLANG_WARN_ENUM_CONVERSION = YES;
				CLANG_WARN_INFINITE_RECURSION = YES;
				CLANG_WARN_INT_CONVERSION = YES;
				CLANG_WARN_NON_LITERAL_NULL_CONVERSION = YES;
				CLANG_WARN_OBJC_IMPLICIT_RETAIN_SELF = YES;
				CLANG_WARN_OBJC_LITERAL_CONVERSION = YES;
				CLANG_WARN_OBJC_ROOT_CLASS = YES_ERROR;
				CLANG_WARN_QUOTED_INCLUDE_IN_FRAMEWORK_HEADER = YES;
				CLANG_WARN_RANGE_LOOP_ANALYSIS = YES;
				CLANG_WARN_STRICT_PROTOTYPES = YES;
				CLANG_WARN_SUSPICIOUS_MOVE = YES;
				CLANG_WARN_UNGUARDED_AVAILABILITY = YES_AGGRESSIVE;
				CLANG_WARN_UNREACHABLE_CODE = YES;
				CLANG_WARN__DUPLICATE_METHOD_MATCH = YES;
				COPY_PHASE_STRIP = NO;
				DEBUG_INFORMATION_FORMAT = dwarf;
				ENABLE_STRICT_OBJC_MSGSEND = YES;
				ENABLE_TESTABILITY = YES;
				GCC_C_LANGUAGE_STANDARD = gnu11;
				GCC_DYNAMIC_NO_PIC = NO;
				GCC_NO_COMMON_BLOCKS = YES;
				GCC_OPTIMIZATION_LEVEL = 0;
				GCC_PREPROCESSOR_DEFINITIONS = (
					"DEBUG=1",
					"$(inherited)",
				);
				GCC_WARN_64_TO_32_BIT_CONVERSION = YES;
				GCC_WARN_ABOUT_RETURN_TYPE = YES_ERROR;
				GCC_WARN_UNDECLARED_SELECTOR = YES;
				GCC_WARN_UNINITIALIZED_AUTOS = YES_AGGRESSIVE;
				GCC_WARN_UNUSED_FUNCTION = YES;
				GCC_WARN_UNUSED_VARIABLE = YES;
				IPHONEOS_DEPLOYMENT_TARGET = 14.1;
				MTL_ENABLE_DEBUG_INFO = INCLUDE_SOURCE;
				MTL_FAST_MATH = YES;
				ONLY_ACTIVE_ARCH = YES;
				SDKROOT = iphoneos;
				SWIFT_ACTIVE_COMPILATION_CONDITIONS = DEBUG;
				SWIFT_OPTIMIZATION_LEVEL = "-Onone";
			};
			name = Debug;
		};
		3A7DBB512548C1210086D6BB /* Release */ = {
			isa = XCBuildConfiguration;
			buildSettings = {
				ALWAYS_SEARCH_USER_PATHS = NO;
				CLANG_ANALYZER_NONNULL = YES;
				CLANG_ANALYZER_NUMBER_OBJECT_CONVERSION = YES_AGGRESSIVE;
				CLANG_CXX_LANGUAGE_STANDARD = "gnu++14";
				CLANG_CXX_LIBRARY = "libc++";
				CLANG_ENABLE_MODULES = YES;
				CLANG_ENABLE_OBJC_ARC = YES;
				CLANG_ENABLE_OBJC_WEAK = YES;
				CLANG_WARN_BLOCK_CAPTURE_AUTORELEASING = YES;
				CLANG_WARN_BOOL_CONVERSION = YES;
				CLANG_WARN_COMMA = YES;
				CLANG_WARN_CONSTANT_CONVERSION = YES;
				CLANG_WARN_DEPRECATED_OBJC_IMPLEMENTATIONS = YES;
				CLANG_WARN_DIRECT_OBJC_ISA_USAGE = YES_ERROR;
				CLANG_WARN_DOCUMENTATION_COMMENTS = YES;
				CLANG_WARN_EMPTY_BODY = YES;
				CLANG_WARN_ENUM_CONVERSION = YES;
				CLANG_WARN_INFINITE_RECURSION = YES;
				CLANG_WARN_INT_CONVERSION = YES;
				CLANG_WARN_NON_LITERAL_NULL_CONVERSION = YES;
				CLANG_WARN_OBJC_IMPLICIT_RETAIN_SELF = YES;
				CLANG_WARN_OBJC_LITERAL_CONVERSION = YES;
				CLANG_WARN_OBJC_ROOT_CLASS = YES_ERROR;
				CLANG_WARN_QUOTED_INCLUDE_IN_FRAMEWORK_HEADER = YES;
				CLANG_WARN_RANGE_LOOP_ANALYSIS = YES;
				CLANG_WARN_STRICT_PROTOTYPES = YES;
				CLANG_WARN_SUSPICIOUS_MOVE = YES;
				CLANG_WARN_UNGUARDED_AVAILABILITY = YES_AGGRESSIVE;
				CLANG_WARN_UNREACHABLE_CODE = YES;
				CLANG_WARN__DUPLICATE_METHOD_MATCH = YES;
				COPY_PHASE_STRIP = NO;
				DEBUG_INFORMATION_FORMAT = "dwarf-with-dsym";
				ENABLE_NS_ASSERTIONS = NO;
				ENABLE_STRICT_OBJC_MSGSEND = YES;
				GCC_C_LANGUAGE_STANDARD = gnu11;
				GCC_NO_COMMON_BLOCKS = YES;
				GCC_WARN_64_TO_32_BIT_CONVERSION = YES;
				GCC_WARN_ABOUT_RETURN_TYPE = YES_ERROR;
				GCC_WARN_UNDECLARED_SELECTOR = YES;
				GCC_WARN_UNINITIALIZED_AUTOS = YES_AGGRESSIVE;
				GCC_WARN_UNUSED_FUNCTION = YES;
				GCC_WARN_UNUSED_VARIABLE = YES;
				IPHONEOS_DEPLOYMENT_TARGET = 14.1;
				MTL_ENABLE_DEBUG_INFO = NO;
				MTL_FAST_MATH = YES;
				SDKROOT = iphoneos;
				SWIFT_COMPILATION_MODE = wholemodule;
				SWIFT_OPTIMIZATION_LEVEL = "-O";
				VALIDATE_PRODUCT = YES;
			};
			name = Release;
		};
		3A7DBB532548C1210086D6BB /* Debug */ = {
			isa = XCBuildConfiguration;
			buildSettings = {
				ASSETCATALOG_COMPILER_APPICON_NAME = AppIcon;
				ASSETCATALOG_COMPILER_GLOBAL_ACCENT_COLOR_NAME = AccentColor;
				CODE_SIGN_STYLE = Automatic;
				DEVELOPMENT_TEAM = 7C535NZYGP;
				INFOPLIST_FILE = "Payment App/Info.plist";
				LD_RUNPATH_SEARCH_PATHS = (
					"$(inherited)",
					"@executable_path/Frameworks",
				);
				PRODUCT_BUNDLE_IDENTIFIER = "com.joshua.standardbank.Payment-App";
				PRODUCT_NAME = "$(TARGET_NAME)";
				SWIFT_VERSION = 5.0;
				TARGETED_DEVICE_FAMILY = "1,2";
			};
			name = Debug;
		};
		3A7DBB542548C1210086D6BB /* Release */ = {
			isa = XCBuildConfiguration;
			buildSettings = {
				ASSETCATALOG_COMPILER_APPICON_NAME = AppIcon;
				ASSETCATALOG_COMPILER_GLOBAL_ACCENT_COLOR_NAME = AccentColor;
				CODE_SIGN_STYLE = Automatic;
				DEVELOPMENT_TEAM = 7C535NZYGP;
				INFOPLIST_FILE = "Payment App/Info.plist";
				LD_RUNPATH_SEARCH_PATHS = (
					"$(inherited)",
					"@executable_path/Frameworks",
				);
				PRODUCT_BUNDLE_IDENTIFIER = "com.joshua.standardbank.Payment-App";
				PRODUCT_NAME = "$(TARGET_NAME)";
				SWIFT_VERSION = 5.0;
				TARGETED_DEVICE_FAMILY = "1,2";
			};
			name = Release;
		};
		3A7DBB562548C1210086D6BB /* Debug */ = {
			isa = XCBuildConfiguration;
			buildSettings = {
				ALWAYS_EMBED_SWIFT_STANDARD_LIBRARIES = YES;
				BUNDLE_LOADER = "$(TEST_HOST)";
				CODE_SIGN_STYLE = Automatic;
				DEVELOPMENT_TEAM = 7C535NZYGP;
				INFOPLIST_FILE = "Payment AppTests/Info.plist";
				IPHONEOS_DEPLOYMENT_TARGET = 14.1;
				LD_RUNPATH_SEARCH_PATHS = (
					"$(inherited)",
					"@executable_path/Frameworks",
					"@loader_path/Frameworks",
				);
				PRODUCT_BUNDLE_IDENTIFIER = "com.joshua.standardbank.Payment-AppTests";
				PRODUCT_NAME = "$(TARGET_NAME)";
				SWIFT_VERSION = 5.0;
				TARGETED_DEVICE_FAMILY = "1,2";
				TEST_HOST = "$(BUILT_PRODUCTS_DIR)/Payment App.app/Payment App";
			};
			name = Debug;
		};
		3A7DBB572548C1210086D6BB /* Release */ = {
			isa = XCBuildConfiguration;
			buildSettings = {
				ALWAYS_EMBED_SWIFT_STANDARD_LIBRARIES = YES;
				BUNDLE_LOADER = "$(TEST_HOST)";
				CODE_SIGN_STYLE = Automatic;
				DEVELOPMENT_TEAM = 7C535NZYGP;
				INFOPLIST_FILE = "Payment AppTests/Info.plist";
				IPHONEOS_DEPLOYMENT_TARGET = 14.1;
				LD_RUNPATH_SEARCH_PATHS = (
					"$(inherited)",
					"@executable_path/Frameworks",
					"@loader_path/Frameworks",
				);
				PRODUCT_BUNDLE_IDENTIFIER = "com.joshua.standardbank.Payment-AppTests";
				PRODUCT_NAME = "$(TARGET_NAME)";
				SWIFT_VERSION = 5.0;
				TARGETED_DEVICE_FAMILY = "1,2";
				TEST_HOST = "$(BUILT_PRODUCTS_DIR)/Payment App.app/Payment App";
			};
			name = Release;
		};
		3A7DBB592548C1210086D6BB /* Debug */ = {
			isa = XCBuildConfiguration;
			buildSettings = {
				ALWAYS_EMBED_SWIFT_STANDARD_LIBRARIES = YES;
				CODE_SIGN_STYLE = Automatic;
				DEVELOPMENT_TEAM = 7C535NZYGP;
				INFOPLIST_FILE = "Payment AppUITests/Info.plist";
				LD_RUNPATH_SEARCH_PATHS = (
					"$(inherited)",
					"@executable_path/Frameworks",
					"@loader_path/Frameworks",
				);
				PRODUCT_BUNDLE_IDENTIFIER = "com.joshua.standardbank.Payment-AppUITests";
				PRODUCT_NAME = "$(TARGET_NAME)";
				SWIFT_VERSION = 5.0;
				TARGETED_DEVICE_FAMILY = "1,2";
				TEST_TARGET_NAME = "Payment App";
			};
			name = Debug;
		};
		3A7DBB5A2548C1210086D6BB /* Release */ = {
			isa = XCBuildConfiguration;
			buildSettings = {
				ALWAYS_EMBED_SWIFT_STANDARD_LIBRARIES = YES;
				CODE_SIGN_STYLE = Automatic;
				DEVELOPMENT_TEAM = 7C535NZYGP;
				INFOPLIST_FILE = "Payment AppUITests/Info.plist";
				LD_RUNPATH_SEARCH_PATHS = (
					"$(inherited)",
					"@executable_path/Frameworks",
					"@loader_path/Frameworks",
				);
				PRODUCT_BUNDLE_IDENTIFIER = "com.joshua.standardbank.Payment-AppUITests";
				PRODUCT_NAME = "$(TARGET_NAME)";
				SWIFT_VERSION = 5.0;
				TARGETED_DEVICE_FAMILY = "1,2";
				TEST_TARGET_NAME = "Payment App";
			};
			name = Release;
		};
/* End XCBuildConfiguration section */

/* Begin XCConfigurationList section */
		3A7DBB202548C11F0086D6BB /* Build configuration list for PBXProject "Payment App" */ = {
			isa = XCConfigurationList;
			buildConfigurations = (
				3A7DBB502548C1210086D6BB /* Debug */,
				3A7DBB512548C1210086D6BB /* Release */,
			);
			defaultConfigurationIsVisible = 0;
			defaultConfigurationName = Release;
		};
		3A7DBB522548C1210086D6BB /* Build configuration list for PBXNativeTarget "Payment App" */ = {
			isa = XCConfigurationList;
			buildConfigurations = (
				3A7DBB532548C1210086D6BB /* Debug */,
				3A7DBB542548C1210086D6BB /* Release */,
			);
			defaultConfigurationIsVisible = 0;
			defaultConfigurationName = Release;
		};
		3A7DBB552548C1210086D6BB /* Build configuration list for PBXNativeTarget "Payment AppTests" */ = {
			isa = XCConfigurationList;
			buildConfigurations = (
				3A7DBB562548C1210086D6BB /* Debug */,
				3A7DBB572548C1210086D6BB /* Release */,
			);
			defaultConfigurationIsVisible = 0;
			defaultConfigurationName = Release;
		};
		3A7DBB582548C1210086D6BB /* Build configuration list for PBXNativeTarget "Payment AppUITests" */ = {
			isa = XCConfigurationList;
			buildConfigurations = (
				3A7DBB592548C1210086D6BB /* Debug */,
				3A7DBB5A2548C1210086D6BB /* Release */,
			);
			defaultConfigurationIsVisible = 0;
			defaultConfigurationName = Release;
		};
/* End XCConfigurationList section */

/* Begin XCVersionGroup section */
		3A7DBB312548C11F0086D6BB /* Payment_App.xcdatamodeld */ = {
			isa = XCVersionGroup;
			children = (
				3A7DBB322548C11F0086D6BB /* Payment_App.xcdatamodel */,
			);
			currentVersion = 3A7DBB322548C11F0086D6BB /* Payment_App.xcdatamodel */;
			path = Payment_App.xcdatamodeld;
			sourceTree = "<group>";
			versionGroupType = wrapper.xcdatamodel;
		};
/* End XCVersionGroup section */
	};
	rootObject = 3A7DBB1D2548C11F0086D6BB /* Project object */;
}
